github.com/frouioui/dashboard-epitech v0.0.0-20191111004756-810b406d9895 h1:bFco+PHh2V5rzkMKaczaOKLVNyQEdDIfF22ubJBMShs=
github.com/frouioui/dashboard-epitech/api/intra v0.0.0-20191111004756-810b406d9895 h1:Y2YdbGejpZJX6SuXOUhJmA60/6ZGSjsU0emvbSauU7A=
github.com/frouioui/dashboard-epitech/api/intra v0.0.0-20191111004756-810b406d9895/go.mod h1:cwDmr0rtjdYTrHfIfT1rQcMQNEN9dG6QZA86jSoD9dc=
github.com/gorilla/handlers v1.4.2 h1:0QniY0USkHQ1RGCLfKxeNHK9bkDHGRYGNDFBCS+YARg=
github.com/gorilla/handlers v1.4.2/go.mod h1:Qkdc/uu4tH4g6mTK6auzZ766c4CA0Ng8+o/OAirnOIQ=
github.com/gorilla/mux v1.7.3 h1:gnP5JzjVOuiZD07fKKToCAOjS0yOpj/qPETTXCCS6hw=
github.com/gorilla/mux v1.7.3/go.mod h1:1lud6UwP+6orDFRuTfBEV8e9/aOM/c4fVVCaMa2zaAs=
